{
  "name": "photon-lib",
  "version": "0.0.1",
  "lockfileVersion": 1,
  "requires": true,
  "dependencies": {
    "electrum-client": {
      "version": "github:photon-sdk/rn-electrum-client#2a5bb11dd9a8d89f328049d9ed59bce49d88a15d",
      "from": "github:photon-sdk/rn-electrum-client#2a5bb11dd9a8d89f328049d9ed59bce49d88a15d"
    }
  }
}
